
Microsoft Visual Studio Solution File, Format Version 12.00
# Visual Studio Version 17
VisualStudioVersion = 17.1.32421.90
MinimumVisualStudioVersion = 10.0.40219.1
Project("{FAE04EC0-301F-11D3-BF4B-00C04F79EFBC}") = "ScreenChanging", "ScreenChanging.csproj", "{AF20BCD9-0FE3-4540-B6AD-6E8B03C84119}"
EndProject
Global
	GlobalSection(SolutionConfigurationPlatforms) = preSolution
		Debug|Any CPU = Debug|Any CPU
		Release|Any CPU = Release|Any CPU
	EndGlobalSection
	GlobalSection(ProjectConfigurationPlatforms) = postSolution
		{AF20BCD9-0FE3-4540-B6AD-6E8B03C84119}.Debug|Any CPU.ActiveCfg = Debug|Any CPU
		{AF20BCD9-0FE3-4540-B6AD-6E8B03C84119}.Debug|Any CPU.Build.0 = Debug|Any CPU
		{AF20BCD9-0FE3-4540-B6AD-6E8B03C84119}.Release|Any CPU.ActiveCfg = Release|Any CPU
		{AF20BCD9-0FE3-4540-B6AD-6E8B03C84119}.Release|Any CPU.Build.0 = Release|Any CPU
	EndGlobalSection
	GlobalSection(SolutionProperties) = preSolution
		HideSolutionNode = FALSE
	EndGlobalSection
	GlobalSection(ExtensibilityGlobals) = postSolution
		SolutionGuid = {6395BFD2-8EC8-4464-B7AD-8B1FD69C3698}
	EndGlobalSection
EndGlobal
